
Microsoft Visual Studio Solution File, Format Version 12.00
# Visual Studio Version 16
VisualStudioVersion = 16.0.30114.105
MinimumVisualStudioVersion = 10.0.40219.1
Project("{FAE04EC0-301F-11D3-BF4B-00C04F79EFBC}") = "API", "API\API.csproj", "{2B224449-F5AA-4B55-8C59-AC975EC22656}"
EndProject
Project("{FAE04EC0-301F-11D3-BF4B-00C04F79EFBC}") = "Core", "Core\Core.csproj", "{656EB181-6588-4E02-B50B-F0F0A343EB4E}"
EndProject
Project("{FAE04EC0-301F-11D3-BF4B-00C04F79EFBC}") = "Infrastructure", "Infrastructure\Infrastructure.csproj", "{2C92FE1E-AA07-445D-B6C1-34CB2821DFB8}"
EndProject
Global
	GlobalSection(SolutionConfigurationPlatforms) = preSolution
		Debug|Any CPU = Debug|Any CPU
		Release|Any CPU = Release|Any CPU
	EndGlobalSection
	GlobalSection(SolutionProperties) = preSolution
		HideSolutionNode = FALSE
	EndGlobalSection
	GlobalSection(ProjectConfigurationPlatforms) = postSolution
		{2B224449-F5AA-4B55-8C59-AC975EC22656}.Debug|Any CPU.ActiveCfg = Debug|Any CPU
		{2B224449-F5AA-4B55-8C59-AC975EC22656}.Debug|Any CPU.Build.0 = Debug|Any CPU
		{2B224449-F5AA-4B55-8C59-AC975EC22656}.Release|Any CPU.ActiveCfg = Release|Any CPU
		{2B224449-F5AA-4B55-8C59-AC975EC22656}.Release|Any CPU.Build.0 = Release|Any CPU
		{656EB181-6588-4E02-B50B-F0F0A343EB4E}.Debug|Any CPU.ActiveCfg = Debug|Any CPU
		{656EB181-6588-4E02-B50B-F0F0A343EB4E}.Debug|Any CPU.Build.0 = Debug|Any CPU
		{656EB181-6588-4E02-B50B-F0F0A343EB4E}.Release|Any CPU.ActiveCfg = Release|Any CPU
		{656EB181-6588-4E02-B50B-F0F0A343EB4E}.Release|Any CPU.Build.0 = Release|Any CPU
		{2C92FE1E-AA07-445D-B6C1-34CB2821DFB8}.Debug|Any CPU.ActiveCfg = Debug|Any CPU
		{2C92FE1E-AA07-445D-B6C1-34CB2821DFB8}.Debug|Any CPU.Build.0 = Debug|Any CPU
		{2C92FE1E-AA07-445D-B6C1-34CB2821DFB8}.Release|Any CPU.ActiveCfg = Release|Any CPU
		{2C92FE1E-AA07-445D-B6C1-34CB2821DFB8}.Release|Any CPU.Build.0 = Release|Any CPU
	EndGlobalSection
EndGlobal
